
Microsoft Visual Studio Solution File, Format Version 12.00
# Visual Studio Version 17
VisualStudioVersion = 17.5.002.0
MinimumVisualStudioVersion = 10.0.40219.1
Project("{9A19103F-16F7-4668-BE54-9A1E7A4F7556}") = "OperationApi", "OperationApi.csproj", "{94850F4A-DDE2-4F9D-8999-93EB0857C879}"
EndProject
Global
	GlobalSection(SolutionConfigurationPlatforms) = preSolution
		Debug|Any CPU = Debug|Any CPU
		Release|Any CPU = Release|Any CPU
	EndGlobalSection
	GlobalSection(ProjectConfigurationPlatforms) = postSolution
		{94850F4A-DDE2-4F9D-8999-93EB0857C879}.Debug|Any CPU.ActiveCfg = Debug|Any CPU
		{94850F4A-DDE2-4F9D-8999-93EB0857C879}.Debug|Any CPU.Build.0 = Debug|Any CPU
		{94850F4A-DDE2-4F9D-8999-93EB0857C879}.Release|Any CPU.ActiveCfg = Release|Any CPU
		{94850F4A-DDE2-4F9D-8999-93EB0857C879}.Release|Any CPU.Build.0 = Release|Any CPU
	EndGlobalSection
	GlobalSection(SolutionProperties) = preSolution
		HideSolutionNode = FALSE
	EndGlobalSection
	GlobalSection(ExtensibilityGlobals) = postSolution
		SolutionGuid = {2621CB74-6619-4D4B-AFA7-13FAE18EB43E}
	EndGlobalSection
EndGlobal
